# This file is automatically @generated by Cargo.
# It is not intended for manual editing.
version = 4

[[package]]
name = "proc-macro2"
version = "1.0.66"
source = "registry+https://github.com/rust-lang/crates.io-index"
checksum = "18fb31db3f9bddb2ea821cde30a9f70117e3f119938b5ee630b7403aa6e2ead9"
dependencies = [
 "unicode-ident",
]

[[package]]
name = "quote"
version = "1.0.33"
source = "registry+https://github.com/rust-lang/crates.io-index"
checksum = "5267fca4496028628a95160fc423a33e8b2e6af8a5302579e322e4b520293cae"
dependencies = [
 "proc-macro2",
]

[[package]]
name = "syn"
version = "2.0.29"
source = "registry+https://github.com/rust-lang/crates.io-index"
checksum = "c324c494eba9d92503e6f1ef2e6df781e78f6a7705a0202d9801b198807d518a"
dependencies = [
 "proc-macro2",
 "quote",
 "unicode-ident",
]

[[package]]
name = "unicode-ident"
version = "1.0.11"
source = "registry+https://github.com/rust-lang/crates.io-index"
checksum = "301abaae475aa91687eb82514b328ab47a211a533026cb25fc3e519b86adfc3c"

[[package]]
name = "vidcapview"
version = "0.1.1"
dependencies = [
 "windows",
 "windows-core",
 "windows-future",
 "windows-numerics",
]

[[package]]
name = "windows"
version = "0.61.1"
source = "registry+https://github.com/rust-lang/crates.io-index"
checksum = "c5ee8f3d025738cb02bad7868bbb5f8a6327501e870bf51f1b455b0a2454a419"
dependencies = [
 "windows-collections",
 "windows-core",
 "windows-future",
 "windows-link",
 "windows-numerics",
]

[[package]]
name = "windows-collections"
version = "0.2.0"
source = "registry+https://github.com/rust-lang/crates.io-index"
checksum = "3beeceb5e5cfd9eb1d76b381630e82c4241ccd0d27f1a39ed41b2760b255c5e8"
dependencies = [
 "windows-core",
]

[[package]]
name = "windows-core"
version = "0.61.0"
source = "registry+https://github.com/rust-lang/crates.io-index"
checksum = "4763c1de310c86d75a878046489e2e5ba02c649d185f21c67d4cf8a56d098980"
dependencies = [
 "windows-implement",
 "windows-interface",
 "windows-link",
 "windows-result",
 "windows-strings",
]

[[package]]
name = "windows-future"
version = "0.2.0"
source = "registry+https://github.com/rust-lang/crates.io-index"
checksum = "7a1d6bbefcb7b60acd19828e1bc965da6fcf18a7e39490c5f8be71e54a19ba32"
dependencies = [
 "windows-core",
 "windows-link",
]

[[package]]
name = "windows-implement"
version = "0.60.0"
source = "registry+https://github.com/rust-lang/crates.io-index"
checksum = "a47fddd13af08290e67f4acabf4b459f647552718f683a7b415d290ac744a836"
dependencies = [
 "proc-macro2",
 "quote",
 "syn",
]

[[package]]
name = "windows-interface"
version = "0.59.1"
source = "registry+https://github.com/rust-lang/crates.io-index"
checksum = "bd9211b69f8dcdfa817bfd14bf1c97c9188afa36f4750130fcdf3f400eca9fa8"
dependencies = [
 "proc-macro2",
 "quote",
 "syn",
]

[[package]]
name = "windows-link"
version = "0.1.1"
source = "registry+https://github.com/rust-lang/crates.io-index"
checksum = "76840935b766e1b0a05c0066835fb9ec80071d4c09a16f6bd5f7e655e3c14c38"

[[package]]
name = "windows-numerics"
version = "0.2.0"
source = "registry+https://github.com/rust-lang/crates.io-index"
checksum = "9150af68066c4c5c07ddc0ce30421554771e528bde427614c61038bc2c92c2b1"
dependencies = [
 "windows-core",
 "windows-link",
]

[[package]]
name = "windows-result"
version = "0.3.2"
source = "registry+https://github.com/rust-lang/crates.io-index"
checksum = "c64fd11a4fd95df68efcfee5f44a294fe71b8bc6a91993e2791938abcc712252"
dependencies = [
 "windows-link",
]

[[package]]
name = "windows-strings"
version = "0.4.0"
source = "registry+https://github.com/rust-lang/crates.io-index"
checksum = "7a2ba9642430ee452d5a7aa78d72907ebe8cfda358e8cb7918a2050581322f97"
dependencies = [
 "windows-link",
]
